{
  "nodes": {
    "chinese-fonts-overlay": {
      "inputs": {
        "nixpkgs": "nixpkgs"
      },
      "locked": {
        "lastModified": 1763191926,
        "narHash": "sha256-I71+uQOV9pz8Twf+sGuKvy9K3ldpmYY6wRFGrRMizlg=",
        "owner": "lihaoze123",
        "repo": "chinese-fonts-overlay",
        "rev": "18c78ed52845347b8af58f836b568472bed1de62",
        "type": "github"
      },
      "original": {
        "owner": "lihaoze123",
        "ref": "main",
        "repo": "chinese-fonts-overlay",
        "type": "github"
      }
    },
    "nixpkgs": {
      "locked": {
        "lastModified": 1731139594,
        "narHash": "sha256-IigrKK3vYRpUu+HEjPL/phrfh7Ox881er1UEsZvw9Q4=",
        "owner": "NixOS",
        "repo": "nixpkgs",
        "rev": "76612b17c0ce71689921ca12d9ffdc9c23ce40b2",
        "type": "github"
      },
      "original": {
        "owner": "NixOS",
        "ref": "nixos-unstable",
        "repo": "nixpkgs",
        "type": "github"
      }
    },
    "nixpkgs_2": {
      "locked": {
        "lastModified": 1763966396,
        "narHash": "sha256-6eeL1YPcY1MV3DDStIDIdy/zZCDKgHdkCmsrLJFiZf0=",
        "rev": "5ae3b07d8d6527c42f17c876e404993199144b6a",
        "revCount": 901419,
        "type": "tarball",
        "url": "https://api.flakehub.com/f/pinned/NixOS/nixpkgs/0.1.901419%2Brev-5ae3b07d8d6527c42f17c876e404993199144b6a/019abb3c-8b65-7e43-ade7-cba097e333a6/source.tar.gz"
      },
      "original": {
        "type": "tarball",
        "url": "https://flakehub.com/f/NixOS/nixpkgs/0.1"
      }
    },
    "root": {
      "inputs": {
        "chinese-fonts-overlay": "chinese-fonts-overlay",
        "nixpkgs": "nixpkgs_2"
      }
    }
  },
  "root": "root",
  "version": 7
}
